
Microsoft Visual Studio Solution File, Format Version 12.00
# Visual Studio 15
VisualStudioVersion = 15.0.26430.13
MinimumVisualStudioVersion = 10.0.40219.1
Project("{9A19103F-16F7-4668-BE54-9A1E7A4F7556}") = "ServiceStack.Text.EnumMemberSerializer", "ServiceStack.Text.EnumMemberSerializer\ServiceStack.Text.EnumMemberSerializer.csproj", "{BDA5BD3B-1C54-4B60-9EE8-9993D57C92CD}"
EndProject
Project("{FAE04EC0-301F-11D3-BF4B-00C04F79EFBC}") = "ServiceStack.Text.EnumMemberSerializer.UnitTests", "ServiceStack.Text.EnumMemberSerializer.UnitTests\ServiceStack.Text.EnumMemberSerializer.UnitTests.csproj", "{CCE7C010-3B95-4F64-998D-F5A71CF73566}"
EndProject
Global
	GlobalSection(SolutionConfigurationPlatforms) = preSolution
		Debug|Any CPU = Debug|Any CPU
		Release|Any CPU = Release|Any CPU
	EndGlobalSection
	GlobalSection(ProjectConfigurationPlatforms) = postSolution
		{BDA5BD3B-1C54-4B60-9EE8-9993D57C92CD}.Debug|Any CPU.ActiveCfg = Debug|Any CPU
		{BDA5BD3B-1C54-4B60-9EE8-9993D57C92CD}.Debug|Any CPU.Build.0 = Debug|Any CPU
		{BDA5BD3B-1C54-4B60-9EE8-9993D57C92CD}.Release|Any CPU.ActiveCfg = Release|Any CPU
		{BDA5BD3B-1C54-4B60-9EE8-9993D57C92CD}.Release|Any CPU.Build.0 = Release|Any CPU
		{CCE7C010-3B95-4F64-998D-F5A71CF73566}.Debug|Any CPU.ActiveCfg = Debug|Any CPU
		{CCE7C010-3B95-4F64-998D-F5A71CF73566}.Debug|Any CPU.Build.0 = Debug|Any CPU
		{CCE7C010-3B95-4F64-998D-F5A71CF73566}.Release|Any CPU.ActiveCfg = Release|Any CPU
		{CCE7C010-3B95-4F64-998D-F5A71CF73566}.Release|Any CPU.Build.0 = Release|Any CPU
	EndGlobalSection
	GlobalSection(SolutionProperties) = preSolution
		HideSolutionNode = FALSE
	EndGlobalSection
EndGlobal
